{
  "version": 4,
  "terraform_version": "0.12.24",
  "serial": 7,
  "lineage": "8ca69555-2634-c868-fd6b-bdfd2ebafc1d",
  "outputs": {},
  "resources": [
    {
      "mode": "managed",
      "type": "aws_instance",
      "name": "example",
      "provider": "provider.aws",
      "instances": []
    },
    {
      "mode": "managed",
      "type": "aws_key_pair",
      "name": "mykey",
      "provider": "provider.aws",
      "instances": [
        {
          "schema_version": 1,
          "attributes": {
            "fingerprint": "ba:50:ce:83:cf:9b:e4:eb:3c:de:45:3c:ef:5a:69:d7",
            "id": "mykey",
            "key_name": "mykey",
            "key_name_prefix": null,
            "key_pair_id": "key-02f9e4aa7e963a6bb",
            "public_key": "ssh-rsa AAAAB3NzaC1yc2EAAAADAQABAAABAQDZRa7E7/eHtDJI7PlwwbGxFX6gw+p0JddKMECxU0kkLJ+pzXHMOuW5BNAGP7KDUAdYct1pG59/4TH/pi1JRxm9uNayaf4T1bUDtuXYLjdWBp2mDkr3fAvCAotUMNscBHlyXRYS+LzlvYxIt6HW06QmgxFwxDjmNIRWxsn0YtImBXwwoFAPlj4ZDuDMCnRT+SyBoAEwKPYPqLjLvEEgaFSn2qDh8RdkciIRMjD9Dcu8S430ogWf2zMZUiVLLOMmGnL841AHbowjxwpEBBTiGz7O3z2hvu/3LaFPYUdLeiWyTUmSueJEIQWoc+qM9l0vkz7PXEgyCOVO/OoktFy5wmmR ubuntu@u1",
            "tags": null
          },
          "private": "eyJzY2hlbWFfdmVyc2lvbiI6IjEifQ=="
        }
      ]
    }
  ]
}
